// !$*UTF8*$!
{
	archiveVersion = 1;
	classes = {
	};
	objectVersion = 56;
	objects = {

/* Begin PBXBuildFile section */
		8C4480A029B1C82D003285D1 /* ChatUser.swift in Sources */ = {isa = PBXBuildFile; fileRef = 8C44809F29B1C82D003285D1 /* ChatUser.swift */; };
		8C4480A329B1D2C9003285D1 /* SDWebImageSwiftUI in Frameworks */ = {isa = PBXBuildFile; productRef = 8C4480A229B1D2C9003285D1 /* SDWebImageSwiftUI */; };
		8CA144A129AF23AC0076B0A7 /* MangoChatApp.swift in Sources */ = {isa = PBXBuildFile; fileRef = 8CA144A029AF23AC0076B0A7 /* MangoChatApp.swift */; };
		8CA144A329AF23AC0076B0A7 /* ContentView.swift in Sources */ = {isa = PBXBuildFile; fileRef = 8CA144A229AF23AC0076B0A7 /* ContentView.swift */; };
		8CA144A529AF23AF0076B0A7 /* Assets.xcassets in Resources */ = {isa = PBXBuildFile; fileRef = 8CA144A429AF23AF0076B0A7 /* Assets.xcassets */; };
		8CA144A829AF23AF0076B0A7 /* Preview Assets.xcassets in Resources */ = {isa = PBXBuildFile; fileRef = 8CA144A729AF23AF0076B0A7 /* Preview Assets.xcassets */; };
		8CA144B329AF4F890076B0A7 /* LoginView.swift in Sources */ = {isa = PBXBuildFile; fileRef = 8CA144B229AF4F890076B0A7 /* LoginView.swift */; };
		8CA144B529AF50700076B0A7 /* LoginViewModel.swift in Sources */ = {isa = PBXBuildFile; fileRef = 8CA144B429AF50700076B0A7 /* LoginViewModel.swift */; };
		8CA144BC29AF61CF0076B0A7 /* GoogleService-Info.plist in Resources */ = {isa = PBXBuildFile; fileRef = 8CA144BB29AF61CF0076B0A7 /* GoogleService-Info.plist */; };
		8CA144BF29AF7B510076B0A7 /* FirebaseManager.swift in Sources */ = {isa = PBXBuildFile; fileRef = 8CA144BE29AF7B510076B0A7 /* FirebaseManager.swift */; };
		8CA144C129AF89AE0076B0A7 /* ImagePicker.swift in Sources */ = {isa = PBXBuildFile; fileRef = 8CA144C029AF89AE0076B0A7 /* ImagePicker.swift */; };
		8CA144C629B05D790076B0A7 /* FirebaseAuth in Frameworks */ = {isa = PBXBuildFile; productRef = 8CA144C529B05D790076B0A7 /* FirebaseAuth */; };
		8CA144C829B05D790076B0A7 /* FirebaseFirestore in Frameworks */ = {isa = PBXBuildFile; productRef = 8CA144C729B05D790076B0A7 /* FirebaseFirestore */; };
		8CA144CA29B05D790076B0A7 /* FirebaseStorage in Frameworks */ = {isa = PBXBuildFile; productRef = 8CA144C929B05D790076B0A7 /* FirebaseStorage */; };
		8CA144CC29B09EFC0076B0A7 /* MainMessagesView.swift in Sources */ = {isa = PBXBuildFile; fileRef = 8CA144CB29B09EFC0076B0A7 /* MainMessagesView.swift */; };
		8CA144CE29B0C1210076B0A7 /* MainMessagesViewModel.swift in Sources */ = {isa = PBXBuildFile; fileRef = 8CA144CD29B0C1210076B0A7 /* MainMessagesViewModel.swift */; };
/* End PBXBuildFile section */

/* Begin PBXFileReference section */
		8C44809F29B1C82D003285D1 /* ChatUser.swift */ = {isa = PBXFileReference; lastKnownFileType = sourcecode.swift; path = ChatUser.swift; sourceTree = "<group>"; };
		8CA1449D29AF23AC0076B0A7 /* MangoChat.app */ = {isa = PBXFileReference; explicitFileType = wrapper.application; includeInIndex = 0; path = MangoChat.app; sourceTree = BUILT_PRODUCTS_DIR; };
		8CA144A029AF23AC0076B0A7 /* MangoChatApp.swift */ = {isa = PBXFileReference; lastKnownFileType = sourcecode.swift; path = MangoChatApp.swift; sourceTree = "<group>"; };
		8CA144A229AF23AC0076B0A7 /* ContentView.swift */ = {isa = PBXFileReference; lastKnownFileType = sourcecode.swift; path = ContentView.swift; sourceTree = "<group>"; };
		8CA144A429AF23AF0076B0A7 /* Assets.xcassets */ = {isa = PBXFileReference; lastKnownFileType = folder.assetcatalog; path = Assets.xcassets; sourceTree = "<group>"; };
		8CA144A729AF23AF0076B0A7 /* Preview Assets.xcassets */ = {isa = PBXFileReference; lastKnownFileType = folder.assetcatalog; path = "Preview Assets.xcassets"; sourceTree = "<group>"; };
		8CA144B229AF4F890076B0A7 /* LoginView.swift */ = {isa = PBXFileReference; lastKnownFileType = sourcecode.swift; path = LoginView.swift; sourceTree = "<group>"; };
		8CA144B429AF50700076B0A7 /* LoginViewModel.swift */ = {isa = PBXFileReference; lastKnownFileType = sourcecode.swift; path = LoginViewModel.swift; sourceTree = "<group>"; };
		8CA144BB29AF61CF0076B0A7 /* GoogleService-Info.plist */ = {isa = PBXFileReference; fileEncoding = 4; lastKnownFileType = text.plist.xml; path = "GoogleService-Info.plist"; sourceTree = "<group>"; };
		8CA144BE29AF7B510076B0A7 /* FirebaseManager.swift */ = {isa = PBXFileReference; lastKnownFileType = sourcecode.swift; path = FirebaseManager.swift; sourceTree = "<group>"; };
		8CA144C029AF89AE0076B0A7 /* ImagePicker.swift */ = {isa = PBXFileReference; lastKnownFileType = sourcecode.swift; path = ImagePicker.swift; sourceTree = "<group>"; };
		8CA144CB29B09EFC0076B0A7 /* MainMessagesView.swift */ = {isa = PBXFileReference; lastKnownFileType = sourcecode.swift; path = MainMessagesView.swift; sourceTree = "<group>"; };
		8CA144CD29B0C1210076B0A7 /* MainMessagesViewModel.swift */ = {isa = PBXFileReference; lastKnownFileType = sourcecode.swift; path = MainMessagesViewModel.swift; sourceTree = "<group>"; };
/* End PBXFileReference section */

/* Begin PBXFrameworksBuildPhase section */
		8CA1449A29AF23AC0076B0A7 /* Frameworks */ = {
			isa = PBXFrameworksBuildPhase;
			buildActionMask = 2147483647;
			files = (
				8C4480A329B1D2C9003285D1 /* SDWebImageSwiftUI in Frameworks */,
				8CA144C629B05D790076B0A7 /* FirebaseAuth in Frameworks */,
				8CA144C829B05D790076B0A7 /* FirebaseFirestore in Frameworks */,
				8CA144CA29B05D790076B0A7 /* FirebaseStorage in Frameworks */,
			);
			runOnlyForDeploymentPostprocessing = 0;
		};
/* End PBXFrameworksBuildPhase section */

/* Begin PBXGroup section */
		8C44809E29B1C7E7003285D1 /* Models */ = {
			isa = PBXGroup;
			children = (
				8C44809F29B1C82D003285D1 /* ChatUser.swift */,
			);
			path = Models;
			sourceTree = "<group>";
		};
		8CA1449429AF23AC0076B0A7 = {
			isa = PBXGroup;
			children = (
				8CA1449F29AF23AC0076B0A7 /* MangoChat */,
				8CA1449E29AF23AC0076B0A7 /* Products */,
			);
			sourceTree = "<group>";
		};
		8CA1449E29AF23AC0076B0A7 /* Products */ = {
			isa = PBXGroup;
			children = (
				8CA1449D29AF23AC0076B0A7 /* MangoChat.app */,
			);
			name = Products;
			sourceTree = "<group>";
		};
		8CA1449F29AF23AC0076B0A7 /* MangoChat */ = {
			isa = PBXGroup;
			children = (
				8CA144A029AF23AC0076B0A7 /* MangoChatApp.swift */,
				8CA144A229AF23AC0076B0A7 /* ContentView.swift */,
				8C44809E29B1C7E7003285D1 /* Models */,
				8CA144AE29AF4F220076B0A7 /* Views */,
				8CA144AF29AF4F2F0076B0A7 /* ViewModels */,
				8CA144BD29AF7B2A0076B0A7 /* Managers */,
				8CA144A429AF23AF0076B0A7 /* Assets.xcassets */,
				8CA144C029AF89AE0076B0A7 /* ImagePicker.swift */,
				8CA144BB29AF61CF0076B0A7 /* GoogleService-Info.plist */,
				8CA144A629AF23AF0076B0A7 /* Preview Content */,
			);
			path = MangoChat;
			sourceTree = "<group>";
		};
		8CA144A629AF23AF0076B0A7 /* Preview Content */ = {
			isa = PBXGroup;
			children = (
				8CA144A729AF23AF0076B0A7 /* Preview Assets.xcassets */,
			);
			path = "Preview Content";
			sourceTree = "<group>";
		};
		8CA144AE29AF4F220076B0A7 /* Views */ = {
			isa = PBXGroup;
			children = (
				8CA144B229AF4F890076B0A7 /* LoginView.swift */,
				8CA144CB29B09EFC0076B0A7 /* MainMessagesView.swift */,
			);
			path = Views;
			sourceTree = "<group>";
		};
		8CA144AF29AF4F2F0076B0A7 /* ViewModels */ = {
			isa = PBXGroup;
			children = (
				8CA144B429AF50700076B0A7 /* LoginViewModel.swift */,
				8CA144CD29B0C1210076B0A7 /* MainMessagesViewModel.swift */,
			);
			path = ViewModels;
			sourceTree = "<group>";
		};
		8CA144BD29AF7B2A0076B0A7 /* Managers */ = {
			isa = PBXGroup;
			children = (
				8CA144BE29AF7B510076B0A7 /* FirebaseManager.swift */,
			);
			path = Managers;
			sourceTree = "<group>";
		};
/* End PBXGroup section */

/* Begin PBXNativeTarget section */
		8CA1449C29AF23AC0076B0A7 /* MangoChat */ = {
			isa = PBXNativeTarget;
			buildConfigurationList = 8CA144AB29AF23AF0076B0A7 /* Build configuration list for PBXNativeTarget "MangoChat" */;
			buildPhases = (
				8CA1449929AF23AC0076B0A7 /* Sources */,
				8CA1449A29AF23AC0076B0A7 /* Frameworks */,
				8CA1449B29AF23AC0076B0A7 /* Resources */,
			);
			buildRules = (
			);
			dependencies = (
			);
			name = MangoChat;
			packageProductDependencies = (
				8CA144C529B05D790076B0A7 /* FirebaseAuth */,
				8CA144C729B05D790076B0A7 /* FirebaseFirestore */,
				8CA144C929B05D790076B0A7 /* FirebaseStorage */,
				8C4480A229B1D2C9003285D1 /* SDWebImageSwiftUI */,
			);
			productName = MangoChat;
			productReference = 8CA1449D29AF23AC0076B0A7 /* MangoChat.app */;
			productType = "com.apple.product-type.application";
		};
/* End PBXNativeTarget section */

/* Begin PBXProject section */
		8CA1449529AF23AC0076B0A7 /* Project object */ = {
			isa = PBXProject;
			attributes = {
				BuildIndependentTargetsInParallel = 1;
				LastSwiftUpdateCheck = 1420;
				LastUpgradeCheck = 1420;
				TargetAttributes = {
					8CA1449C29AF23AC0076B0A7 = {
						CreatedOnToolsVersion = 14.2;
					};
				};
			};
			buildConfigurationList = 8CA1449829AF23AC0076B0A7 /* Build configuration list for PBXProject "MangoChat" */;
			compatibilityVersion = "Xcode 14.0";
			developmentRegion = en;
			hasScannedForEncodings = 0;
			knownRegions = (
				en,
				Base,
			);
			mainGroup = 8CA1449429AF23AC0076B0A7;
			packageReferences = (
				8CA144C429B05D790076B0A7 /* XCRemoteSwiftPackageReference "firebase-ios-sdk" */,
				8C4480A129B1D2C9003285D1 /* XCRemoteSwiftPackageReference "SDWebImageSwiftUI" */,
			);
			productRefGroup = 8CA1449E29AF23AC0076B0A7 /* Products */;
			projectDirPath = "";
			projectRoot = "";
			targets = (
				8CA1449C29AF23AC0076B0A7 /* MangoChat */,
			);
		};
/* End PBXProject section */

/* Begin PBXResourcesBuildPhase section */
		8CA1449B29AF23AC0076B0A7 /* Resources */ = {
			isa = PBXResourcesBuildPhase;
			buildActionMask = 2147483647;
			files = (
				8CA144A829AF23AF0076B0A7 /* Preview Assets.xcassets in Resources */,
				8CA144A529AF23AF0076B0A7 /* Assets.xcassets in Resources */,
				8CA144BC29AF61CF0076B0A7 /* GoogleService-Info.plist in Resources */,
			);
			runOnlyForDeploymentPostprocessing = 0;
		};
/* End PBXResourcesBuildPhase section */

/* Begin PBXSourcesBuildPhase section */
		8CA1449929AF23AC0076B0A7 /* Sources */ = {
			isa = PBXSourcesBuildPhase;
			buildActionMask = 2147483647;
			files = (
				8CA144B529AF50700076B0A7 /* LoginViewModel.swift in Sources */,
				8CA144B329AF4F890076B0A7 /* LoginView.swift in Sources */,
				8CA144BF29AF7B510076B0A7 /* FirebaseManager.swift in Sources */,
				8C4480A029B1C82D003285D1 /* ChatUser.swift in Sources */,
				8CA144C129AF89AE0076B0A7 /* ImagePicker.swift in Sources */,
				8CA144A329AF23AC0076B0A7 /* ContentView.swift in Sources */,
				8CA144A129AF23AC0076B0A7 /* MangoChatApp.swift in Sources */,
				8CA144CC29B09EFC0076B0A7 /* MainMessagesView.swift in Sources */,
				8CA144CE29B0C1210076B0A7 /* MainMessagesViewModel.swift in Sources */,
			);
			runOnlyForDeploymentPostprocessing = 0;
		};
/* End PBXSourcesBuildPhase section */

/* Begin XCBuildConfiguration section */
		8CA144A929AF23AF0076B0A7 /* Debug */ = {
			isa = XCBuildConfiguration;
			buildSettings = {
				ALWAYS_SEARCH_USER_PATHS = NO;
				CLANG_ANALYZER_NONNULL = YES;
				CLANG_ANALYZER_NUMBER_OBJECT_CONVERSION = YES_AGGRESSIVE;
				CLANG_CXX_LANGUAGE_STANDARD = "gnu++20";
				CLANG_ENABLE_MODULES = YES;
				CLANG_ENABLE_OBJC_ARC = YES;
				CLANG_ENABLE_OBJC_WEAK = YES;
				CLANG_WARN_BLOCK_CAPTURE_AUTORELEASING = YES;
				CLANG_WARN_BOOL_CONVERSION = YES;
				CLANG_WARN_COMMA = YES;
				CLANG_WARN_CONSTANT_CONVERSION = YES;
				CLANG_WARN_DEPRECATED_OBJC_IMPLEMENTATIONS = YES;
				CLANG_WARN_DIRECT_OBJC_ISA_USAGE = YES_ERROR;
				CLANG_WARN_DOCUMENTATION_COMMENTS = YES;
				CLANG_WARN_EMPTY_BODY = YES;
				CLANG_WARN_ENUM_CONVERSION = YES;
				CLANG_WARN_INFINITE_RECURSION = YES;
				CLANG_WARN_INT_CONVERSION = YES;
				CLANG_WARN_NON_LITERAL_NULL_CONVERSION = YES;
				CLANG_WARN_OBJC_IMPLICIT_RETAIN_SELF = YES;
				CLANG_WARN_OBJC_LITERAL_CONVERSION = YES;
				CLANG_WARN_OBJC_ROOT_CLASS = YES_ERROR;
				CLANG_WARN_QUOTED_INCLUDE_IN_FRAMEWORK_HEADER = YES;
				CLANG_WARN_RANGE_LOOP_ANALYSIS = YES;
				CLANG_WARN_STRICT_PROTOTYPES = YES;
				CLANG_WARN_SUSPICIOUS_MOVE = YES;
				CLANG_WARN_UNGUARDED_AVAILABILITY = YES_AGGRESSIVE;
				CLANG_WARN_UNREACHABLE_CODE = YES;
				CLANG_WARN__DUPLICATE_METHOD_MATCH = YES;
				COPY_PHASE_STRIP = NO;
				DEBUG_INFORMATION_FORMAT = dwarf;
				ENABLE_STRICT_OBJC_MSGSEND = YES;
				ENABLE_TESTABILITY = YES;
				GCC_C_LANGUAGE_STANDARD = gnu11;
				GCC_DYNAMIC_NO_PIC = NO;
				GCC_NO_COMMON_BLOCKS = YES;
				GCC_OPTIMIZATION_LEVEL = 0;
				GCC_PREPROCESSOR_DEFINITIONS = (
					"DEBUG=1",
					"$(inherited)",
				);
				GCC_WARN_64_TO_32_BIT_CONVERSION = YES;
				GCC_WARN_ABOUT_RETURN_TYPE = YES_ERROR;
				GCC_WARN_UNDECLARED_SELECTOR = YES;
				GCC_WARN_UNINITIALIZED_AUTOS = YES_AGGRESSIVE;
				GCC_WARN_UNUSED_FUNCTION = YES;
				GCC_WARN_UNUSED_VARIABLE = YES;
				IPHONEOS_DEPLOYMENT_TARGET = 16.2;
				MTL_ENABLE_DEBUG_INFO = INCLUDE_SOURCE;
				MTL_FAST_MATH = YES;
				ONLY_ACTIVE_ARCH = YES;
				SDKROOT = iphoneos;
				SWIFT_ACTIVE_COMPILATION_CONDITIONS = DEBUG;
				SWIFT_OPTIMIZATION_LEVEL = "-Onone";
			};
			name = Debug;
		};
		8CA144AA29AF23AF0076B0A7 /* Release */ = {
			isa = XCBuildConfiguration;
			buildSettings = {
				ALWAYS_SEARCH_USER_PATHS = NO;
				CLANG_ANALYZER_NONNULL = YES;
				CLANG_ANALYZER_NUMBER_OBJECT_CONVERSION = YES_AGGRESSIVE;
				CLANG_CXX_LANGUAGE_STANDARD = "gnu++20";
				CLANG_ENABLE_MODULES = YES;
				CLANG_ENABLE_OBJC_ARC = YES;
				CLANG_ENABLE_OBJC_WEAK = YES;
				CLANG_WARN_BLOCK_CAPTURE_AUTORELEASING = YES;
				CLANG_WARN_BOOL_CONVERSION = YES;
				CLANG_WARN_COMMA = YES;
				CLANG_WARN_CONSTANT_CONVERSION = YES;
				CLANG_WARN_DEPRECATED_OBJC_IMPLEMENTATIONS = YES;
				CLANG_WARN_DIRECT_OBJC_ISA_USAGE = YES_ERROR;
				CLANG_WARN_DOCUMENTATION_COMMENTS = YES;
				CLANG_WARN_EMPTY_BODY = YES;
				CLANG_WARN_ENUM_CONVERSION = YES;
				CLANG_WARN_INFINITE_RECURSION = YES;
				CLANG_WARN_INT_CONVERSION = YES;
				CLANG_WARN_NON_LITERAL_NULL_CONVERSION = YES;
				CLANG_WARN_OBJC_IMPLICIT_RETAIN_SELF = YES;
				CLANG_WARN_OBJC_LITERAL_CONVERSION = YES;
				CLANG_WARN_OBJC_ROOT_CLASS = YES_ERROR;
				CLANG_WARN_QUOTED_INCLUDE_IN_FRAMEWORK_HEADER = YES;
				CLANG_WARN_RANGE_LOOP_ANALYSIS = YES;
				CLANG_WARN_STRICT_PROTOTYPES = YES;
				CLANG_WARN_SUSPICIOUS_MOVE = YES;
				CLANG_WARN_UNGUARDED_AVAILABILITY = YES_AGGRESSIVE;
				CLANG_WARN_UNREACHABLE_CODE = YES;
				CLANG_WARN__DUPLICATE_METHOD_MATCH = YES;
				COPY_PHASE_STRIP = NO;
				DEBUG_INFORMATION_FORMAT = "dwarf-with-dsym";
				ENABLE_NS_ASSERTIONS = NO;
				ENABLE_STRICT_OBJC_MSGSEND = YES;
				GCC_C_LANGUAGE_STANDARD = gnu11;
				GCC_NO_COMMON_BLOCKS = YES;
				GCC_WARN_64_TO_32_BIT_CONVERSION = YES;
				GCC_WARN_ABOUT_RETURN_TYPE = YES_ERROR;
				GCC_WARN_UNDECLARED_SELECTOR = YES;
				GCC_WARN_UNINITIALIZED_AUTOS = YES_AGGRESSIVE;
				GCC_WARN_UNUSED_FUNCTION = YES;
				GCC_WARN_UNUSED_VARIABLE = YES;
				IPHONEOS_DEPLOYMENT_TARGET = 16.2;
				MTL_ENABLE_DEBUG_INFO = NO;
				MTL_FAST_MATH = YES;
				SDKROOT = iphoneos;
				SWIFT_COMPILATION_MODE = wholemodule;
				SWIFT_OPTIMIZATION_LEVEL = "-O";
				VALIDATE_PRODUCT = YES;
			};
			name = Release;
		};
		8CA144AC29AF23AF0076B0A7 /* Debug */ = {
			isa = XCBuildConfiguration;
			buildSettings = {
				ASSETCATALOG_COMPILER_APPICON_NAME = AppIcon;
				ASSETCATALOG_COMPILER_GLOBAL_ACCENT_COLOR_NAME = AccentColor;
				CODE_SIGN_STYLE = Automatic;
				CURRENT_PROJECT_VERSION = 1;
				DEVELOPMENT_ASSET_PATHS = "\"MangoChat/Preview Content\"";
				DEVELOPMENT_TEAM = AH24YSXN5M;
				ENABLE_PREVIEWS = YES;
				GENERATE_INFOPLIST_FILE = YES;
				INFOPLIST_KEY_UIApplicationSceneManifest_Generation = YES;
				INFOPLIST_KEY_UIApplicationSupportsIndirectInputEvents = YES;
				INFOPLIST_KEY_UILaunchScreen_Generation = YES;
				INFOPLIST_KEY_UISupportedInterfaceOrientations_iPad = "UIInterfaceOrientationPortrait UIInterfaceOrientationPortraitUpsideDown UIInterfaceOrientationLandscapeLeft UIInterfaceOrientationLandscapeRight";
				INFOPLIST_KEY_UISupportedInterfaceOrientations_iPhone = "UIInterfaceOrientationPortrait UIInterfaceOrientationLandscapeLeft UIInterfaceOrientationLandscapeRight";
				LD_RUNPATH_SEARCH_PATHS = (
					"$(inherited)",
					"@executable_path/Frameworks",
				);
				MARKETING_VERSION = 1.0;
				PRODUCT_BUNDLE_IDENTIFIER = com.kang.MangoChat;
				PRODUCT_NAME = "$(TARGET_NAME)";
				SWIFT_EMIT_LOC_STRINGS = YES;
				SWIFT_VERSION = 5.0;
				TARGETED_DEVICE_FAMILY = "1,2";
			};
			name = Debug;
		};
		8CA144AD29AF23AF0076B0A7 /* Release */ = {
			isa = XCBuildConfiguration;
			buildSettings = {
				ASSETCATALOG_COMPILER_APPICON_NAME = AppIcon;
				ASSETCATALOG_COMPILER_GLOBAL_ACCENT_COLOR_NAME = AccentColor;
				CODE_SIGN_STYLE = Automatic;
				CURRENT_PROJECT_VERSION = 1;
				DEVELOPMENT_ASSET_PATHS = "\"MangoChat/Preview Content\"";
				DEVELOPMENT_TEAM = AH24YSXN5M;
				ENABLE_PREVIEWS = YES;
				GENERATE_INFOPLIST_FILE = YES;
				INFOPLIST_KEY_UIApplicationSceneManifest_Generation = YES;
				INFOPLIST_KEY_UIApplicationSupportsIndirectInputEvents = YES;
				INFOPLIST_KEY_UILaunchScreen_Generation = YES;
				INFOPLIST_KEY_UISupportedInterfaceOrientations_iPad = "UIInterfaceOrientationPortrait UIInterfaceOrientationPortraitUpsideDown UIInterfaceOrientationLandscapeLeft UIInterfaceOrientationLandscapeRight";
				INFOPLIST_KEY_UISupportedInterfaceOrientations_iPhone = "UIInterfaceOrientationPortrait UIInterfaceOrientationLandscapeLeft UIInterfaceOrientationLandscapeRight";
				LD_RUNPATH_SEARCH_PATHS = (
					"$(inherited)",
					"@executable_path/Frameworks",
				);
				MARKETING_VERSION = 1.0;
				PRODUCT_BUNDLE_IDENTIFIER = com.kang.MangoChat;
				PRODUCT_NAME = "$(TARGET_NAME)";
				SWIFT_EMIT_LOC_STRINGS = YES;
				SWIFT_VERSION = 5.0;
				TARGETED_DEVICE_FAMILY = "1,2";
			};
			name = Release;
		};
/* End XCBuildConfiguration section */

/* Begin XCConfigurationList section */
		8CA1449829AF23AC0076B0A7 /* Build configuration list for PBXProject "MangoChat" */ = {
			isa = XCConfigurationList;
			buildConfigurations = (
				8CA144A929AF23AF0076B0A7 /* Debug */,
				8CA144AA29AF23AF0076B0A7 /* Release */,
			);
			defaultConfigurationIsVisible = 0;
			defaultConfigurationName = Release;
		};
		8CA144AB29AF23AF0076B0A7 /* Build configuration list for PBXNativeTarget "MangoChat" */ = {
			isa = XCConfigurationList;
			buildConfigurations = (
				8CA144AC29AF23AF0076B0A7 /* Debug */,
				8CA144AD29AF23AF0076B0A7 /* Release */,
			);
			defaultConfigurationIsVisible = 0;
			defaultConfigurationName = Release;
		};
/* End XCConfigurationList section */

/* Begin XCRemoteSwiftPackageReference section */
		8C4480A129B1D2C9003285D1 /* XCRemoteSwiftPackageReference "SDWebImageSwiftUI" */ = {
			isa = XCRemoteSwiftPackageReference;
			repositoryURL = "https://github.com/SDWebImage/SDWebImageSwiftUI.git";
			requirement = {
				kind = upToNextMajorVersion;
				minimumVersion = 2.0.0;
			};
		};
		8CA144C429B05D790076B0A7 /* XCRemoteSwiftPackageReference "firebase-ios-sdk" */ = {
			isa = XCRemoteSwiftPackageReference;
			repositoryURL = "https://github.com/firebase/firebase-ios-sdk.git";
			requirement = {
				kind = upToNextMajorVersion;
				minimumVersion = 9.0.0;
			};
		};
/* End XCRemoteSwiftPackageReference section */

/* Begin XCSwiftPackageProductDependency section */
		8C4480A229B1D2C9003285D1 /* SDWebImageSwiftUI */ = {
			isa = XCSwiftPackageProductDependency;
			package = 8C4480A129B1D2C9003285D1 /* XCRemoteSwiftPackageReference "SDWebImageSwiftUI" */;
			productName = SDWebImageSwiftUI;
		};
		8CA144C529B05D790076B0A7 /* FirebaseAuth */ = {
			isa = XCSwiftPackageProductDependency;
			package = 8CA144C429B05D790076B0A7 /* XCRemoteSwiftPackageReference "firebase-ios-sdk" */;
			productName = FirebaseAuth;
		};
		8CA144C729B05D790076B0A7 /* FirebaseFirestore */ = {
			isa = XCSwiftPackageProductDependency;
			package = 8CA144C429B05D790076B0A7 /* XCRemoteSwiftPackageReference "firebase-ios-sdk" */;
			productName = FirebaseFirestore;
		};
		8CA144C929B05D790076B0A7 /* FirebaseStorage */ = {
			isa = XCSwiftPackageProductDependency;
			package = 8CA144C429B05D790076B0A7 /* XCRemoteSwiftPackageReference "firebase-ios-sdk" */;
			productName = FirebaseStorage;
		};
/* End XCSwiftPackageProductDependency section */
	};
	rootObject = 8CA1449529AF23AC0076B0A7 /* Project object */;
}
